{
  "name": "workspace",
  "lockfileVersion": 3,
  "requires": true,
  "packages": {
    "": {
      "dependencies": {
        "lyric-parser": "^1.0.1"
      }
    },
    "node_modules/lyric-parser": {
      "version": "1.0.1",
      "resolved": "https://mirrors.tencent.com/npm/lyric-parser/-/lyric-parser-1.0.1.tgz",
      "integrity": "sha1-ofiqd2U8+Ufs+U31HV+Bavye1Ew="
    }
  }
}
